
Microsoft Visual Studio Solution File, Format Version 12.00
# Visual Studio 2015
Project("{FAE04EC0-301F-11D3-BF4B-00C04F79EFBC}") = "3D Slicer Virtual Reality Viewer.CSharp", "3D Slicer Virtual Reality Viewer.CSharp.csproj", "{649E6575-118D-60F6-BE22-02239C693279}"
EndProject
Project("{FAE04EC0-301F-11D3-BF4B-00C04F79EFBC}") = "3D Slicer Virtual Reality Viewer.CSharp.Editor", "3D Slicer Virtual Reality Viewer.CSharp.Editor.csproj", "{2A16B170-3530-F822-4104-D1C1574519D8}"
EndProject
Global
	GlobalSection(SolutionConfigurationPlatforms) = preSolution
		Debug|Any CPU = Debug|Any CPU
		Release|Any CPU = Release|Any CPU
	EndGlobalSection
	GlobalSection(ProjectConfigurationPlatforms) = postSolution
		{649E6575-118D-60F6-BE22-02239C693279}.Debug|Any CPU.ActiveCfg = Debug|Any CPU
		{649E6575-118D-60F6-BE22-02239C693279}.Debug|Any CPU.Build.0 = Debug|Any CPU
		{649E6575-118D-60F6-BE22-02239C693279}.Release|Any CPU.ActiveCfg = Release|Any CPU
		{649E6575-118D-60F6-BE22-02239C693279}.Release|Any CPU.Build.0 = Release|Any CPU
		{2A16B170-3530-F822-4104-D1C1574519D8}.Debug|Any CPU.ActiveCfg = Debug|Any CPU
		{2A16B170-3530-F822-4104-D1C1574519D8}.Debug|Any CPU.Build.0 = Debug|Any CPU
		{2A16B170-3530-F822-4104-D1C1574519D8}.Release|Any CPU.ActiveCfg = Release|Any CPU
		{2A16B170-3530-F822-4104-D1C1574519D8}.Release|Any CPU.Build.0 = Release|Any CPU
	EndGlobalSection
	GlobalSection(SolutionProperties) = preSolution
		HideSolutionNode = FALSE
	EndGlobalSection
EndGlobal
